
Microsoft Visual Studio Solution File, Format Version 11.00
# Visual Studio 2010
Project("{FAE04EC0-301F-11D3-BF4B-00C04F79EFBC}") = "TomAssociatesTraining", "TomAssociatesTraining.csproj", "{56AB71DD-3102-4753-A3E3-599A8DC11CC7}"
EndProject
Global
	GlobalSection(SolutionConfigurationPlatforms) = preSolution
		Debug|Any CPU = Debug|Any CPU
		Release|Any CPU = Release|Any CPU
	EndGlobalSection
	GlobalSection(ProjectConfigurationPlatforms) = postSolution
		{56AB71DD-3102-4753-A3E3-599A8DC11CC7}.Debug|Any CPU.ActiveCfg = Debug|Any CPU
		{56AB71DD-3102-4753-A3E3-599A8DC11CC7}.Debug|Any CPU.Build.0 = Debug|Any CPU
		{56AB71DD-3102-4753-A3E3-599A8DC11CC7}.Release|Any CPU.ActiveCfg = Release|Any CPU
		{56AB71DD-3102-4753-A3E3-599A8DC11CC7}.Release|Any CPU.Build.0 = Release|Any CPU
	EndGlobalSection
	GlobalSection(MonoDevelopProperties) = preSolution
		StartupItem = TomAssociatesTraining.csproj
	EndGlobalSection
EndGlobal
